<?xml version="1.0" encoding="utf-8"?>
<Project ToolsVersion="4.0" xmlns="http://schemas.microsoft.com/developer/msbuild/2003">
  <ItemGroup>
    <Filter Include="Generated Files">
      <UniqueIdentifier>{71ED8ED8-ACB9-4CE9-BBE1-E00B30144E11}</UniqueIdentifier>
      <Extensions>cpp;c;cxx;moc;h;def;odl;idl;res</Extensions>
    </Filter>
    <Filter Include="Header Files">
      <UniqueIdentifier>{93995380-89BD-4b04-88EB-625FBE52EBFB}</UniqueIdentifier>
      <Extensions>h;hpp;hxx;hm;inl;inc;xsd</Extensions>
    </Filter>
    <Filter Include="Resource Files">
      <UniqueIdentifier>{D9D6E242-F8AF-46E4-B9FD-80ECBC20BA3E}</UniqueIdentifier>
      <Extensions>qrc;*</Extensions>
      <ParseFiles>false</ParseFiles>
    </Filter>
    <Filter Include="Source Files">
      <UniqueIdentifier>{4FC737F1-C7A5-4376-A066-2A32D752A2FF}</UniqueIdentifier>
      <Extensions>cpp;c;cxx;def;odl;idl;hpj;bat;asm;asmx</Extensions>
    </Filter>
    <Filter Include="Generated Files\Debug">
      <UniqueIdentifier>{e8844445-fbc2-4ea8-b01c-9e0fa8ca9af3}</UniqueIdentifier>
      <Extensions>cpp;moc</Extensions>
      <SourceControlFiles>False</SourceControlFiles>
    </Filter>
    <Filter Include="Generated Files\Release">
      <UniqueIdentifier>{eb7efc68-db57-4bb8-977b-d98729497ef3}</UniqueIdentifier>
      <Extensions>cpp;moc</Extensions>
      <SourceControlFiles>False</SourceControlFiles>
    </Filter>
    <Filter Include="Form Files">
      <UniqueIdentifier>{99349809-55BA-4b9d-BF79-8FDBB0286EB3}</UniqueIdentifier>
      <Extensions>ui</Extensions>
      <ParseFiles>true</ParseFiles>
    </Filter>
  </ItemGroup>
  <ItemGroup>
    <ClCompile Include="src\main.cpp">
      <Filter>Source Files</Filter>
    </ClCompile>
    <ClCompile Include="GeneratedFiles\qrc_plan_fakt.cpp">
      <Filter>Generated Files</Filter>
    </ClCompile>
    <ClCompile Include="Debug\moc_zeditbaseform.cpp">
      <Filter>Generated Files\Debug</Filter>
    </ClCompile>
    <ClCompile Include="Release\moc_zeditbaseform.cpp">
      <Filter>Generated Files\Release</Filter>
    </ClCompile>
    <ClCompile Include="Debug\moc_zview.cpp">
      <Filter>Generated Files\Debug</Filter>
    </ClCompile>
    <ClCompile Include="Release\moc_zview.cpp">
      <Filter>Generated Files\Release</Filter>
    </ClCompile>
    <ClCompile Include="Debug\moc_ztoolwidget.cpp">
      <Filter>Generated Files\Debug</Filter>
    </ClCompile>
    <ClCompile Include="Release\moc_ztoolwidget.cpp">
      <Filter>Generated Files\Release</Filter>
    </ClCompile>
    <ClCompile Include="src\zeditbaseform.cpp">
      <Filter>Source Files</Filter>
    </ClCompile>
    <ClCompile Include="src\zview.cpp">
      <Filter>Source Files</Filter>
    </ClCompile>
    <ClCompile Include="src\zurpersons.cpp">
      <Filter>Source Files</Filter>
    </ClCompile>
    <ClCompile Include="Debug\moc_zmainwindow.cpp">
      <Filter>Generated Files\Debug</Filter>
    </ClCompile>
    <ClCompile Include="Release\moc_zmainwindow.cpp">
      <Filter>Generated Files\Release</Filter>
    </ClCompile>
    <ClCompile Include="src\zmainwindow.cpp">
      <Filter>Source Files</Filter>
    </ClCompile>
    <ClCompile Include="src\zmdichild.cpp">
      <Filter>Source Files</Filter>
    </ClCompile>
    <ClCompile Include="Debug\moc_zmdichild.cpp">
      <Filter>Generated Files\Debug</Filter>
    </ClCompile>
    <ClCompile Include="Release\moc_zmdichild.cpp">
      <Filter>Generated Files\Release</Filter>
    </ClCompile>
    <ClCompile Include="Debug\moc_zurpersonsform.cpp">
      <Filter>Generated Files\Debug</Filter>
    </ClCompile>
    <ClCompile Include="Release\moc_zurpersonsform.cpp">
      <Filter>Generated Files\Release</Filter>
    </ClCompile>
    <ClCompile Include="src\zurpersonsform.cpp">
      <Filter>Source Files</Filter>
    </ClCompile>
    <ClCompile Include="Debug\moc_zsectionsform.cpp">
      <Filter>Generated Files\Debug</Filter>
    </ClCompile>
    <ClCompile Include="Release\moc_zsectionsform.cpp">
      <Filter>Generated Files\Release</Filter>
    </ClCompile>
    <ClCompile Include="src\zsectionsform.cpp">
      <Filter>Source Files</Filter>
    </ClCompile>
    <ClCompile Include="src\zsections.cpp">
      <Filter>Source Files</Filter>
    </ClCompile>
    <ClCompile Include="src\zprojects.cpp">
      <Filter>Source Files</Filter>
    </ClCompile>
    <ClCompile Include="src\zparsefile.cpp">
      <Filter>Source Files</Filter>
    </ClCompile>
    <ClCompile Include="Debug\moc_zpartnersform.cpp">
      <Filter>Generated Files\Debug</Filter>
    </ClCompile>
    <ClCompile Include="Release\moc_zpartnersform.cpp">
      <Filter>Generated Files\Release</Filter>
    </ClCompile>
    <ClCompile Include="src\zpartnersform.cpp">
      <Filter>Source Files</Filter>
    </ClCompile>
    <ClCompile Include="src\zpartners.cpp">
      <Filter>Source Files</Filter>
    </ClCompile>
    <ClCompile Include="Debug\moc_zaccountsform.cpp">
      <Filter>Generated Files\Debug</Filter>
    </ClCompile>
    <ClCompile Include="Release\moc_zaccountsform.cpp">
      <Filter>Generated Files\Release</Filter>
    </ClCompile>
    <ClCompile Include="src\zaccountsform.cpp">
      <Filter>Source Files</Filter>
    </ClCompile>
    <ClCompile Include="src\zaccounts.cpp">
      <Filter>Source Files</Filter>
    </ClCompile>
    <ClCompile Include="Debug\moc_zoperationsform.cpp">
      <Filter>Generated Files\Debug</Filter>
    </ClCompile>
    <ClCompile Include="Release\moc_zoperationsform.cpp">
      <Filter>Generated Files\Release</Filter>
    </ClCompile>
    <ClCompile Include="src\zoperationsform.cpp">
      <Filter>Source Files</Filter>
    </ClCompile>
    <ClCompile Include="src\zoperations.cpp">
      <Filter>Source Files</Filter>
    </ClCompile>
    <ClCompile Include="src\zprotokol.cpp">
      <Filter>Source Files</Filter>
    </ClCompile>
    <ClCompile Include="Debug\moc_zprotokol.cpp">
      <Filter>Generated Files\Debug</Filter>
    </ClCompile>
    <ClCompile Include="Release\moc_zprotokol.cpp">
      <Filter>Generated Files\Release</Filter>
    </ClCompile>
  </ItemGroup>
  <ItemGroup>
    <CustomBuild Include="plan_fakt.qrc">
      <Filter>Resource Files</Filter>
    </CustomBuild>
    <CustomBuild Include="src\zeditbaseform.ui">
      <Filter>Form Files</Filter>
    </CustomBuild>
    <CustomBuild Include="src\zview.ui">
      <Filter>Form Files</Filter>
    </CustomBuild>
    <CustomBuild Include="src\ztoolwidget.ui">
      <Filter>Form Files</Filter>
    </CustomBuild>
    <CustomBuild Include="src\zeditbaseform.h">
      <Filter>Header Files</Filter>
    </CustomBuild>
    <CustomBuild Include="src\ztoolwidget.h">
      <Filter>Header Files</Filter>
    </CustomBuild>
    <CustomBuild Include="src\zview.h">
      <Filter>Header Files</Filter>
    </CustomBuild>
    <CustomBuild Include="src\zmainwindow.h">
      <Filter>Header Files</Filter>
    </CustomBuild>
    <CustomBuild Include="src\zmdichild.h">
      <Filter>Header Files</Filter>
    </CustomBuild>
    <CustomBuild Include="src\zmainwindow.ui">
      <Filter>Form Files</Filter>
    </CustomBuild>
    <CustomBuild Include="src\zurpersonsform.ui">
      <Filter>Form Files</Filter>
    </CustomBuild>
    <CustomBuild Include="src\zurpersonsform.h">
      <Filter>Header Files</Filter>
    </CustomBuild>
    <CustomBuild Include="src\zsectionsform.h">
      <Filter>Header Files</Filter>
    </CustomBuild>
    <CustomBuild Include="src\zsectionsform.ui">
      <Filter>Form Files</Filter>
    </CustomBuild>
    <CustomBuild Include="src\zpartnersform.h">
      <Filter>Header Files</Filter>
    </CustomBuild>
    <CustomBuild Include="src\zpartnersform.ui">
      <Filter>Form Files</Filter>
    </CustomBuild>
    <CustomBuild Include="src\zaccountsform.h">
      <Filter>Header Files</Filter>
    </CustomBuild>
    <CustomBuild Include="src\zaccountsform.ui">
      <Filter>Form Files</Filter>
    </CustomBuild>
    <CustomBuild Include="src\zoperationsform.h">
      <Filter>Header Files</Filter>
    </CustomBuild>
    <CustomBuild Include="src\zoperationsform.ui">
      <Filter>Form Files</Filter>
    </CustomBuild>
    <CustomBuild Include="src\zprotokol.h">
      <Filter>Header Files</Filter>
    </CustomBuild>
    <CustomBuild Include="src\zprotokol.ui">
      <Filter>Form Files</Filter>
    </CustomBuild>
  </ItemGroup>
  <ItemGroup>
    <None Include="images\copy.png">
      <Filter>Resource Files</Filter>
    </None>
    <None Include="images\cut.png">
      <Filter>Resource Files</Filter>
    </None>
    <None Include="images\new.png">
      <Filter>Resource Files</Filter>
    </None>
    <None Include="images\open.png">
      <Filter>Resource Files</Filter>
    </None>
    <None Include="images\paste.png">
      <Filter>Resource Files</Filter>
    </None>
    <None Include="images\save.png">
      <Filter>Resource Files</Filter>
    </None>
    <None Include="icon.ico" />
  </ItemGroup>
  <ItemGroup>
    <ClInclude Include="GeneratedFiles\ui_zeditbaseform.h">
      <Filter>Generated Files</Filter>
    </ClInclude>
    <ClInclude Include="GeneratedFiles\ui_zview.h">
      <Filter>Generated Files</Filter>
    </ClInclude>
    <ClInclude Include="GeneratedFiles\ui_ztoolwidget.h">
      <Filter>Generated Files</Filter>
    </ClInclude>
    <ClInclude Include="src\zimagelabel.h">
      <Filter>Header Files</Filter>
    </ClInclude>
    <ClInclude Include="src\zurpersons.h">
      <Filter>Header Files</Filter>
    </ClInclude>
    <ClInclude Include="GeneratedFiles\ui_zmainwindow.h">
      <Filter>Generated Files</Filter>
    </ClInclude>
    <ClInclude Include="GeneratedFiles\ui_zurpersonsform.h">
      <Filter>Generated Files</Filter>
    </ClInclude>
    <ClInclude Include="src\zsections.h">
      <Filter>Header Files</Filter>
    </ClInclude>
    <ClInclude Include="GeneratedFiles\ui_zsectionsform.h">
      <Filter>Generated Files</Filter>
    </ClInclude>
    <ClInclude Include="src\zprojects.h">
      <Filter>Header Files</Filter>
    </ClInclude>
    <ClInclude Include="src\zparsefile.h">
      <Filter>Header Files</Filter>
    </ClInclude>
    <ClInclude Include="src\zpartners.h">
      <Filter>Header Files</Filter>
    </ClInclude>
    <ClInclude Include="GeneratedFiles\ui_zpartnersform.h">
      <Filter>Generated Files</Filter>
    </ClInclude>
    <ClInclude Include="src\zaccounts.h">
      <Filter>Header Files</Filter>
    </ClInclude>
    <ClInclude Include="GeneratedFiles\ui_zaccountsform.h">
      <Filter>Generated Files</Filter>
    </ClInclude>
    <ClInclude Include="src\zoperations.h">
      <Filter>Header Files</Filter>
    </ClInclude>
    <ClInclude Include="GeneratedFiles\ui_zoperationsform.h">
      <Filter>Generated Files</Filter>
    </ClInclude>
    <ClInclude Include="resource.h">
      <Filter>Generated Files</Filter>
    </ClInclude>
    <ClInclude Include="GeneratedFiles\ui_zprotokol.h">
      <Filter>Generated Files</Filter>
    </ClInclude>
  </ItemGroup>
  <ItemGroup>
    <ResourceCompile Include="plan_fakt.rc" />
  </ItemGroup>
</Project>